// !$*UTF8*$!
{
	archiveVersion = 1;
	classes = {
	};
	objectVersion = 46;
	objects = {

/* Begin PBXBuildFile section */
		04510ADC1DCFF94400CA7347 /* AppDelegate.swift in Sources */ = {isa = PBXBuildFile; fileRef = 04510ADB1DCFF94400CA7347 /* AppDelegate.swift */; };
		04510ADE1DCFF94400CA7347 /* Assets.xcassets in Resources */ = {isa = PBXBuildFile; fileRef = 04510ADD1DCFF94400CA7347 /* Assets.xcassets */; };
		04510AE11DCFF94400CA7347 /* MainMenu.xib in Resources */ = {isa = PBXBuildFile; fileRef = 04510ADF1DCFF94400CA7347 /* MainMenu.xib */; };
/* End PBXBuildFile section */

/* Begin PBXFileReference section */
		04510AD81DCFF94400CA7347 /* WaveFormer.app */ = {isa = PBXFileReference; explicitFileType = wrapper.application; includeInIndex = 0; path = WaveFormer.app; sourceTree = BUILT_PRODUCTS_DIR; };
		04510ADB1DCFF94400CA7347 /* AppDelegate.swift */ = {isa = PBXFileReference; lastKnownFileType = sourcecode.swift; path = AppDelegate.swift; sourceTree = "<group>"; };
		04510ADD1DCFF94400CA7347 /* Assets.xcassets */ = {isa = PBXFileReference; lastKnownFileType = folder.assetcatalog; path = Assets.xcassets; sourceTree = "<group>"; };
		04510AE01DCFF94400CA7347 /* Base */ = {isa = PBXFileReference; lastKnownFileType = file.xib; name = Base; path = Base.lproj/MainMenu.xib; sourceTree = "<group>"; };
		04510AE21DCFF94400CA7347 /* Info.plist */ = {isa = PBXFileReference; lastKnownFileType = text.plist.xml; path = Info.plist; sourceTree = "<group>"; };
/* End PBXFileReference section */

/* Begin PBXFrameworksBuildPhase section */
		04510AD51DCFF94400CA7347 /* Frameworks */ = {
			isa = PBXFrameworksBuildPhase;
			buildActionMask = 2147483647;
			files = (
			);
			runOnlyForDeploymentPostprocessing = 0;
		};
/* End PBXFrameworksBuildPhase section */

/* Begin PBXGroup section */
		04510ACF1DCFF94400CA7347 = {
			isa = PBXGroup;
			children = (
				04510ADA1DCFF94400CA7347 /* WaveFormer */,
				04510AD91DCFF94400CA7347 /* Products */,
			);
			sourceTree = "<group>";
		};
		04510AD91DCFF94400CA7347 /* Products */ = {
			isa = PBXGroup;
			children = (
				04510AD81DCFF94400CA7347 /* WaveFormer.app */,
			);
			name = Products;
			sourceTree = "<group>";
		};
		04510ADA1DCFF94400CA7347 /* WaveFormer */ = {
			isa = PBXGroup;
			children = (
				04510ADB1DCFF94400CA7347 /* AppDelegate.swift */,
				04510ADD1DCFF94400CA7347 /* Assets.xcassets */,
				04510ADF1DCFF94400CA7347 /* MainMenu.xib */,
				04510AE21DCFF94400CA7347 /* Info.plist */,
			);
			path = WaveFormer;
			sourceTree = "<group>";
		};
/* End PBXGroup section */

/* Begin PBXNativeTarget section */
		04510AD71DCFF94400CA7347 /* WaveFormer */ = {
			isa = PBXNativeTarget;
			buildConfigurationList = 04510AE51DCFF94400CA7347 /* Build configuration list for PBXNativeTarget "WaveFormer" */;
			buildPhases = (
				04510AD41DCFF94400CA7347 /* Sources */,
				04510AD51DCFF94400CA7347 /* Frameworks */,
				04510AD61DCFF94400CA7347 /* Resources */,
			);
			buildRules = (
			);
			dependencies = (
			);
			name = WaveFormer;
			productName = WaveFormer;
			productReference = 04510AD81DCFF94400CA7347 /* WaveFormer.app */;
			productType = "com.apple.product-type.application";
		};
/* End PBXNativeTarget section */

/* Begin PBXProject section */
		04510AD01DCFF94400CA7347 /* Project object */ = {
			isa = PBXProject;
			attributes = {
				LastSwiftUpdateCheck = 0800;
				LastUpgradeCheck = 0800;
				ORGANIZATIONNAME = "Audio Armada";
				TargetAttributes = {
					04510AD71DCFF94400CA7347 = {
						CreatedOnToolsVersion = 8.0;
						DevelopmentTeam = TGW6PA8S8E;
						ProvisioningStyle = Automatic;
					};
				};
			};
			buildConfigurationList = 04510AD31DCFF94400CA7347 /* Build configuration list for PBXProject "WaveFormer" */;
			compatibilityVersion = "Xcode 3.2";
			developmentRegion = English;
			hasScannedForEncodings = 0;
			knownRegions = (
				en,
				Base,
			);
			mainGroup = 04510ACF1DCFF94400CA7347;
			productRefGroup = 04510AD91DCFF94400CA7347 /* Products */;
			projectDirPath = "";
			projectRoot = "";
			targets = (
				04510AD71DCFF94400CA7347 /* WaveFormer */,
			);
		};
/* End PBXProject section */

/* Begin PBXResourcesBuildPhase section */
		04510AD61DCFF94400CA7347 /* Resources */ = {
			isa = PBXResourcesBuildPhase;
			buildActionMask = 2147483647;
			files = (
				04510ADE1DCFF94400CA7347 /* Assets.xcassets in Resources */,
				04510AE11DCFF94400CA7347 /* MainMenu.xib in Resources */,
			);
			runOnlyForDeploymentPostprocessing = 0;
		};
/* End PBXResourcesBuildPhase section */

/* Begin PBXSourcesBuildPhase section */
		04510AD41DCFF94400CA7347 /* Sources */ = {
			isa = PBXSourcesBuildPhase;
			buildActionMask = 2147483647;
			files = (
				04510ADC1DCFF94400CA7347 /* AppDelegate.swift in Sources */,
			);
			runOnlyForDeploymentPostprocessing = 0;
		};
/* End PBXSourcesBuildPhase section */

/* Begin PBXVariantGroup section */
		04510ADF1DCFF94400CA7347 /* MainMenu.xib */ = {
			isa = PBXVariantGroup;
			children = (
				04510AE01DCFF94400CA7347 /* Base */,
			);
			name = MainMenu.xib;
			sourceTree = "<group>";
		};
/* End PBXVariantGroup section */

/* Begin XCBuildConfiguration section */
		04510AE31DCFF94400CA7347 /* Debug */ = {
			isa = XCBuildConfiguration;
			buildSettings = {
				ALWAYS_SEARCH_USER_PATHS = NO;
				CLANG_ANALYZER_NONNULL = YES;
				CLANG_CXX_LANGUAGE_STANDARD = "gnu++0x";
				CLANG_CXX_LIBRARY = "libc++";
				CLANG_ENABLE_MODULES = YES;
				CLANG_ENABLE_OBJC_ARC = YES;
				CLANG_WARN_BOOL_CONVERSION = YES;
				CLANG_WARN_CONSTANT_CONVERSION = YES;
				CLANG_WARN_DIRECT_OBJC_ISA_USAGE = YES_ERROR;
				CLANG_WARN_DOCUMENTATION_COMMENTS = YES;
				CLANG_WARN_EMPTY_BODY = YES;
				CLANG_WARN_ENUM_CONVERSION = YES;
				CLANG_WARN_INFINITE_RECURSION = YES;
				CLANG_WARN_INT_CONVERSION = YES;
				CLANG_WARN_OBJC_ROOT_CLASS = YES_ERROR;
				CLANG_WARN_SUSPICIOUS_MOVES = YES;
				CLANG_WARN_UNREACHABLE_CODE = YES;
				CLANG_WARN__DUPLICATE_METHOD_MATCH = YES;
				CODE_SIGN_IDENTITY = "-";
				COPY_PHASE_STRIP = NO;
				DEBUG_INFORMATION_FORMAT = dwarf;
				ENABLE_STRICT_OBJC_MSGSEND = YES;
				ENABLE_TESTABILITY = YES;
				GCC_C_LANGUAGE_STANDARD = gnu99;
				GCC_DYNAMIC_NO_PIC = NO;
				GCC_NO_COMMON_BLOCKS = YES;
				GCC_OPTIMIZATION_LEVEL = 0;
				GCC_PREPROCESSOR_DEFINITIONS = (
					"DEBUG=1",
					"$(inherited)",
				);
				GCC_WARN_64_TO_32_BIT_CONVERSION = YES;
				GCC_WARN_ABOUT_RETURN_TYPE = YES_ERROR;
				GCC_WARN_UNDECLARED_SELECTOR = YES;
				GCC_WARN_UNINITIALIZED_AUTOS = YES_AGGRESSIVE;
				GCC_WARN_UNUSED_FUNCTION = YES;
				GCC_WARN_UNUSED_VARIABLE = YES;
				MACOSX_DEPLOYMENT_TARGET = 10.11;
				MTL_ENABLE_DEBUG_INFO = YES;
				ONLY_ACTIVE_ARCH = YES;
				SDKROOT = macosx;
				SWIFT_ACTIVE_COMPILATION_CONDITIONS = DEBUG;
				SWIFT_OPTIMIZATION_LEVEL = "-Onone";
			};
			name = Debug;
		};
		04510AE41DCFF94400CA7347 /* Release */ = {
			isa = XCBuildConfiguration;
			buildSettings = {
				ALWAYS_SEARCH_USER_PATHS = NO;
				CLANG_ANALYZER_NONNULL = YES;
				CLANG_CXX_LANGUAGE_STANDARD = "gnu++0x";
				CLANG_CXX_LIBRARY = "libc++";
				CLANG_ENABLE_MODULES = YES;
				CLANG_ENABLE_OBJC_ARC = YES;
				CLANG_WARN_BOOL_CONVERSION = YES;
				CLANG_WARN_CONSTANT_CONVERSION = YES;
				CLANG_WARN_DIRECT_OBJC_ISA_USAGE = YES_ERROR;
				CLANG_WARN_DOCUMENTATION_COMMENTS = YES;
				CLANG_WARN_EMPTY_BODY = YES;
				CLANG_WARN_ENUM_CONVERSION = YES;
				CLANG_WARN_INFINITE_RECURSION = YES;
				CLANG_WARN_INT_CONVERSION = YES;
				CLANG_WARN_OBJC_ROOT_CLASS = YES_ERROR;
				CLANG_WARN_SUSPICIOUS_MOVES = YES;
				CLANG_WARN_UNREACHABLE_CODE = YES;
				CLANG_WARN__DUPLICATE_METHOD_MATCH = YES;
				CODE_SIGN_IDENTITY = "-";
				COPY_PHASE_STRIP = NO;
				DEBUG_INFORMATION_FORMAT = "dwarf-with-dsym";
				ENABLE_NS_ASSERTIONS = NO;
				ENABLE_STRICT_OBJC_MSGSEND = YES;
				GCC_C_LANGUAGE_STANDARD = gnu99;
				GCC_NO_COMMON_BLOCKS = YES;
				GCC_WARN_64_TO_32_BIT_CONVERSION = YES;
				GCC_WARN_ABOUT_RETURN_TYPE = YES_ERROR;
				GCC_WARN_UNDECLARED_SELECTOR = YES;
				GCC_WARN_UNINITIALIZED_AUTOS = YES_AGGRESSIVE;
				GCC_WARN_UNUSED_FUNCTION = YES;
				GCC_WARN_UNUSED_VARIABLE = YES;
				MACOSX_DEPLOYMENT_TARGET = 10.11;
				MTL_ENABLE_DEBUG_INFO = NO;
				SDKROOT = macosx;
				SWIFT_OPTIMIZATION_LEVEL = "-Owholemodule";
			};
			name = Release;
		};
		04510AE61DCFF94400CA7347 /* Debug */ = {
			isa = XCBuildConfiguration;
			buildSettings = {
				ASSETCATALOG_COMPILER_APPICON_NAME = AppIcon;
				COMBINE_HIDPI_IMAGES = YES;
				DEVELOPMENT_TEAM = TGW6PA8S8E;
				INFOPLIST_FILE = WaveFormer/Info.plist;
				LD_RUNPATH_SEARCH_PATHS = "$(inherited) @executable_path/../Frameworks";
				PRODUCT_BUNDLE_IDENTIFIER = "com.audio-armada.WaveFormer";
				PRODUCT_NAME = "$(TARGET_NAME)";
				SWIFT_VERSION = 3.0;
			};
			name = Debug;
		};
		04510AE71DCFF94400CA7347 /* Release */ = {
			isa = XCBuildConfiguration;
			buildSettings = {
				ASSETCATALOG_COMPILER_APPICON_NAME = AppIcon;
				COMBINE_HIDPI_IMAGES = YES;
				DEVELOPMENT_TEAM = TGW6PA8S8E;
				INFOPLIST_FILE = WaveFormer/Info.plist;
				LD_RUNPATH_SEARCH_PATHS = "$(inherited) @executable_path/../Frameworks";
				PRODUCT_BUNDLE_IDENTIFIER = "com.audio-armada.WaveFormer";
				PRODUCT_NAME = "$(TARGET_NAME)";
				SWIFT_VERSION = 3.0;
			};
			name = Release;
		};
/* End XCBuildConfiguration section */

/* Begin XCConfigurationList section */
		04510AD31DCFF94400CA7347 /* Build configuration list for PBXProject "WaveFormer" */ = {
			isa = XCConfigurationList;
			buildConfigurations = (
				04510AE31DCFF94400CA7347 /* Debug */,
				04510AE41DCFF94400CA7347 /* Release */,
			);
			defaultConfigurationIsVisible = 0;
			defaultConfigurationName = Release;
		};
		04510AE51DCFF94400CA7347 /* Build configuration list for PBXNativeTarget "WaveFormer" */ = {
			isa = XCConfigurationList;
			buildConfigurations = (
				04510AE61DCFF94400CA7347 /* Debug */,
				04510AE71DCFF94400CA7347 /* Release */,
			);
			defaultConfigurationIsVisible = 0;
		};
/* End XCConfigurationList section */
	};
	rootObject = 04510AD01DCFF94400CA7347 /* Project object */;
}
